
Microsoft Visual Studio Solution File, Format Version 12.00
# Visual Studio Version 16
VisualStudioVersion = 16.0.28803.202
MinimumVisualStudioVersion = 10.0.40219.1
Project("{9A19103F-16F7-4668-BE54-9A1E7A4F7556}") = "JandC", "JandC\JandC.csproj", "{CA4013B2-1172-4F83-8894-D9F7F77833D1}"
EndProject
Project("{FAE04EC0-301F-11D3-BF4B-00C04F79EFBC}") = "MyLib", "MyLib\MyLib.csproj", "{946EF78C-EDD7-4887-9232-D26A1497DEB1}"
EndProject
Project("{FAE04EC0-301F-11D3-BF4B-00C04F79EFBC}") = "ClientSideDemo", "ClientSideDemo\ClientSideDemo.csproj", "{D446A916-78D5-4031-95ED-67D29E9F181B}"
EndProject
Global
	GlobalSection(SolutionConfigurationPlatforms) = preSolution
		Debug|Any CPU = Debug|Any CPU
		Release|Any CPU = Release|Any CPU
	EndGlobalSection
	GlobalSection(ProjectConfigurationPlatforms) = postSolution
		{CA4013B2-1172-4F83-8894-D9F7F77833D1}.Debug|Any CPU.ActiveCfg = Debug|Any CPU
		{CA4013B2-1172-4F83-8894-D9F7F77833D1}.Debug|Any CPU.Build.0 = Debug|Any CPU
		{CA4013B2-1172-4F83-8894-D9F7F77833D1}.Release|Any CPU.ActiveCfg = Release|Any CPU
		{CA4013B2-1172-4F83-8894-D9F7F77833D1}.Release|Any CPU.Build.0 = Release|Any CPU
		{946EF78C-EDD7-4887-9232-D26A1497DEB1}.Debug|Any CPU.ActiveCfg = Debug|Any CPU
		{946EF78C-EDD7-4887-9232-D26A1497DEB1}.Debug|Any CPU.Build.0 = Debug|Any CPU
		{946EF78C-EDD7-4887-9232-D26A1497DEB1}.Release|Any CPU.ActiveCfg = Release|Any CPU
		{946EF78C-EDD7-4887-9232-D26A1497DEB1}.Release|Any CPU.Build.0 = Release|Any CPU
		{D446A916-78D5-4031-95ED-67D29E9F181B}.Debug|Any CPU.ActiveCfg = Debug|Any CPU
		{D446A916-78D5-4031-95ED-67D29E9F181B}.Debug|Any CPU.Build.0 = Debug|Any CPU
		{D446A916-78D5-4031-95ED-67D29E9F181B}.Release|Any CPU.ActiveCfg = Release|Any CPU
		{D446A916-78D5-4031-95ED-67D29E9F181B}.Release|Any CPU.Build.0 = Release|Any CPU
	EndGlobalSection
	GlobalSection(SolutionProperties) = preSolution
		HideSolutionNode = FALSE
	EndGlobalSection
	GlobalSection(ExtensibilityGlobals) = postSolution
		SolutionGuid = {FC1FE6E4-4359-43CA-8452-173CB8B13B29}
	EndGlobalSection
EndGlobal
